// !$*UTF8*$!
{
	archiveVersion = 1;
	classes = {
	};
	objectVersion = 45;
	objects = {

/* Begin PBXBuildFile section */
		1D60589B0D05DD56006BFB54 /* main.m in Sources */ = {isa = PBXBuildFile; fileRef = 29B97316FDCFA39411CA2CEA /* main.m */; };
		1D60589F0D05DD5A006BFB54 /* Foundation.framework in Frameworks */ = {isa = PBXBuildFile; fileRef = 1D30AB110D05D00D00671497 /* Foundation.framework */; };
		1DF5F4E00D08C38300B7A737 /* UIKit.framework in Frameworks */ = {isa = PBXBuildFile; fileRef = 1DF5F4DF0D08C38300B7A737 /* UIKit.framework */; };
		2892E4100DC94CBA00A64D0F /* CoreGraphics.framework in Frameworks */ = {isa = PBXBuildFile; fileRef = 2892E40F0DC94CBA00A64D0F /* CoreGraphics.framework */; };
		28AD73600D9D9599002E5188 /* MainWindow.xib in Resources */ = {isa = PBXBuildFile; fileRef = 28AD735F0D9D9599002E5188 /* MainWindow.xib */; };
		D4D2DC991306A3FD00F9A62A /* ASIAuthenticationDialog.m in Sources */ = {isa = PBXBuildFile; fileRef = D4D2DC821306A3FD00F9A62A /* ASIAuthenticationDialog.m */; };
		D4D2DC9A1306A3FD00F9A62A /* ASIDataCompressor.m in Sources */ = {isa = PBXBuildFile; fileRef = D4D2DC851306A3FD00F9A62A /* ASIDataCompressor.m */; };
		D4D2DC9B1306A3FD00F9A62A /* ASIDataDecompressor.m in Sources */ = {isa = PBXBuildFile; fileRef = D4D2DC871306A3FD00F9A62A /* ASIDataDecompressor.m */; };
		D4D2DC9C1306A3FD00F9A62A /* ASIDownloadCache.m in Sources */ = {isa = PBXBuildFile; fileRef = D4D2DC891306A3FD00F9A62A /* ASIDownloadCache.m */; };
		D4D2DC9D1306A3FD00F9A62A /* ASIFormDataRequest.m in Sources */ = {isa = PBXBuildFile; fileRef = D4D2DC8B1306A3FD00F9A62A /* ASIFormDataRequest.m */; };
		D4D2DC9E1306A3FD00F9A62A /* ASIHTTPRequest.m in Sources */ = {isa = PBXBuildFile; fileRef = D4D2DC8D1306A3FD00F9A62A /* ASIHTTPRequest.m */; };
		D4D2DC9F1306A3FD00F9A62A /* ASIInputStream.m in Sources */ = {isa = PBXBuildFile; fileRef = D4D2DC911306A3FD00F9A62A /* ASIInputStream.m */; };
		D4D2DCA01306A3FD00F9A62A /* ASINetworkQueue.m in Sources */ = {isa = PBXBuildFile; fileRef = D4D2DC931306A3FD00F9A62A /* ASINetworkQueue.m */; };
		D4D2DCA11306A3FD00F9A62A /* Reachability.m in Sources */ = {isa = PBXBuildFile; fileRef = D4D2DC981306A3FD00F9A62A /* Reachability.m */; };
		D4D2DCA31306A41400F9A62A /* CFNetwork.framework in Frameworks */ = {isa = PBXBuildFile; fileRef = D4D2DCA21306A41400F9A62A /* CFNetwork.framework */; };
		D4D2DCA71306A41C00F9A62A /* SystemConfiguration.framework in Frameworks */ = {isa = PBXBuildFile; fileRef = D4D2DCA61306A41C00F9A62A /* SystemConfiguration.framework */; };
		D4D2DCAB1306A42700F9A62A /* MobileCoreServices.framework in Frameworks */ = {isa = PBXBuildFile; fileRef = D4D2DCAA1306A42700F9A62A /* MobileCoreServices.framework */; };
		D4D2DCAF1306A46F00F9A62A /* libz.1.2.3.dylib in Frameworks */ = {isa = PBXBuildFile; fileRef = D4D2DCAE1306A46F00F9A62A /* libz.1.2.3.dylib */; };
		D4D2DCD41306A50D00F9A62A /* NSObject+JSON.m in Sources */ = {isa = PBXBuildFile; fileRef = D4D2DCC31306A50D00F9A62A /* NSObject+JSON.m */; };
		D4D2DCD51306A50D00F9A62A /* SBJsonParser.m in Sources */ = {isa = PBXBuildFile; fileRef = D4D2DCC51306A50D00F9A62A /* SBJsonParser.m */; };
		D4D2DCD61306A50D00F9A62A /* SBJsonStreamParser.m in Sources */ = {isa = PBXBuildFile; fileRef = D4D2DCC71306A50D00F9A62A /* SBJsonStreamParser.m */; };
		D4D2DCD71306A50D00F9A62A /* SBJsonStreamParserAdapter.m in Sources */ = {isa = PBXBuildFile; fileRef = D4D2DCC91306A50D00F9A62A /* SBJsonStreamParserAdapter.m */; };
		D4D2DCD81306A50D00F9A62A /* SBJsonStreamParserState.m in Sources */ = {isa = PBXBuildFile; fileRef = D4D2DCCB1306A50D00F9A62A /* SBJsonStreamParserState.m */; };
		D4D2DCD91306A50D00F9A62A /* SBJsonStreamWriter.m in Sources */ = {isa = PBXBuildFile; fileRef = D4D2DCCD1306A50D00F9A62A /* SBJsonStreamWriter.m */; };
		D4D2DCDA1306A50D00F9A62A /* SBJsonStreamWriterState.m in Sources */ = {isa = PBXBuildFile; fileRef = D4D2DCCF1306A50D00F9A62A /* SBJsonStreamWriterState.m */; };
		D4D2DCDB1306A50D00F9A62A /* SBJsonTokeniser.m in Sources */ = {isa = PBXBuildFile; fileRef = D4D2DCD11306A50D00F9A62A /* SBJsonTokeniser.m */; };
		D4D2DCDC1306A50D00F9A62A /* SBJsonWriter.m in Sources */ = {isa = PBXBuildFile; fileRef = D4D2DCD31306A50D00F9A62A /* SBJsonWriter.m */; };
		D4D2DCE31306A67200F9A62A /* ichurrisAppDelegate.m in Sources */ = {isa = PBXBuildFile; fileRef = D4D2DCDF1306A67200F9A62A /* ichurrisAppDelegate.m */; };
		D4D2DCF51306A79D00F9A62A /* SexSelectorViewController.m in Sources */ = {isa = PBXBuildFile; fileRef = D4D2DCF31306A79D00F9A62A /* SexSelectorViewController.m */; };
		D4D2DCF61306A79D00F9A62A /* SexSelectorViewController.xib in Resources */ = {isa = PBXBuildFile; fileRef = D4D2DCF41306A79D00F9A62A /* SexSelectorViewController.xib */; };
		D4D2DD111306A9FE00F9A62A /* but_female.png in Resources */ = {isa = PBXBuildFile; fileRef = D4D2DD0F1306A9FE00F9A62A /* but_female.png */; };
		D4D2DD121306A9FE00F9A62A /* but_male.png in Resources */ = {isa = PBXBuildFile; fileRef = D4D2DD101306A9FE00F9A62A /* but_male.png */; };
		D4D2DD2C1306ABC500F9A62A /* AgeSelectorViewController.m in Sources */ = {isa = PBXBuildFile; fileRef = D4D2DD2A1306ABC500F9A62A /* AgeSelectorViewController.m */; };
		D4D2DD2D1306ABC500F9A62A /* AgeSelectorViewController.xib in Resources */ = {isa = PBXBuildFile; fileRef = D4D2DD2B1306ABC500F9A62A /* AgeSelectorViewController.xib */; };
		D4D2DD691306B18A00F9A62A /* NationalitySelectorViewController.m in Sources */ = {isa = PBXBuildFile; fileRef = D4D2DD671306B18A00F9A62A /* NationalitySelectorViewController.m */; };
		D4D2DD6A1306B18A00F9A62A /* NationalitySelectorViewController.xib in Resources */ = {isa = PBXBuildFile; fileRef = D4D2DD681306B18A00F9A62A /* NationalitySelectorViewController.xib */; };
		D4D2DD7D1306B31600F9A62A /* NSUserDefaultsManager.m in Sources */ = {isa = PBXBuildFile; fileRef = D4D2DD7C1306B31600F9A62A /* NSUserDefaultsManager.m */; };
		D4D2DD851306B4FC00F9A62A /* MyAgeSelectorViewController.m in Sources */ = {isa = PBXBuildFile; fileRef = D4D2DD831306B4FC00F9A62A /* MyAgeSelectorViewController.m */; };
		D4D2DD861306B4FC00F9A62A /* MyAgeSelectorViewController.xib in Resources */ = {isa = PBXBuildFile; fileRef = D4D2DD841306B4FC00F9A62A /* MyAgeSelectorViewController.xib */; };
		D4D2DD971306B5B100F9A62A /* MySalaryViewController.m in Sources */ = {isa = PBXBuildFile; fileRef = D4D2DD951306B5B100F9A62A /* MySalaryViewController.m */; };
		D4D2DD981306B5B100F9A62A /* MySalaryViewController.xib in Resources */ = {isa = PBXBuildFile; fileRef = D4D2DD961306B5B100F9A62A /* MySalaryViewController.xib */; };
		D4D2DE081306BC8000F9A62A /* MySexSelectorViewController.m in Sources */ = {isa = PBXBuildFile; fileRef = D4D2DE061306BC8000F9A62A /* MySexSelectorViewController.m */; };
		D4D2DE091306BC8000F9A62A /* MySexSelectorViewController.xib in Resources */ = {isa = PBXBuildFile; fileRef = D4D2DE071306BC8000F9A62A /* MySexSelectorViewController.xib */; };
		D4D2DE481306C64700F9A62A /* black_vinyl_fs.jpg in Resources */ = {isa = PBXBuildFile; fileRef = D4D2DE471306C64700F9A62A /* black_vinyl_fs.jpg */; };
		D4D2DEEE1306C8FF00F9A62A /* libsqlite3.dylib in Frameworks */ = {isa = PBXBuildFile; fileRef = D4D2DEED1306C8FF00F9A62A /* libsqlite3.dylib */; };
		D4D2DEFB1306C95700F9A62A /* FMDatabase.m in Sources */ = {isa = PBXBuildFile; fileRef = D4D2DEF61306C95700F9A62A /* FMDatabase.m */; };
		D4D2DEFC1306C95700F9A62A /* FMDatabaseAdditions.m in Sources */ = {isa = PBXBuildFile; fileRef = D4D2DEF81306C95700F9A62A /* FMDatabaseAdditions.m */; };
		D4D2DEFD1306C95700F9A62A /* FMResultSet.m in Sources */ = {isa = PBXBuildFile; fileRef = D4D2DEFA1306C95700F9A62A /* FMResultSet.m */; };
		D4D2DF271306D1B900F9A62A /* TownViewController.m in Sources */ = {isa = PBXBuildFile; fileRef = D4D2DF251306D1B900F9A62A /* TownViewController.m */; };
		D4D2DF281306D1B900F9A62A /* TownViewController.xib in Resources */ = {isa = PBXBuildFile; fileRef = D4D2DF261306D1B900F9A62A /* TownViewController.xib */; };
		D4D2DF391306D40F00F9A62A /* TownCell.m in Sources */ = {isa = PBXBuildFile; fileRef = D4D2DF381306D40F00F9A62A /* TownCell.m */; };
		D4D2DF501306D54700F9A62A /* MVYImageView.m in Sources */ = {isa = PBXBuildFile; fileRef = D4D2DF4D1306D54700F9A62A /* MVYImageView.m */; };
		D4D2DF511306D54700F9A62A /* UIImageExtras.m in Sources */ = {isa = PBXBuildFile; fileRef = D4D2DF4F1306D54700F9A62A /* UIImageExtras.m */; };
		D4D2DF631306D74400F9A62A /* TownCell.xib in Resources */ = {isa = PBXBuildFile; fileRef = D4D2DF621306D74400F9A62A /* TownCell.xib */; };
		D4D2DFCB1306DAA200F9A62A /* house.jpg in Resources */ = {isa = PBXBuildFile; fileRef = D4D2DFCA1306DAA200F9A62A /* house.jpg */; };
		D4D2E0431306E01B00F9A62A /* QuartzCore.framework in Frameworks */ = {isa = PBXBuildFile; fileRef = D4D2E0421306E01B00F9A62A /* QuartzCore.framework */; };
/* End PBXBuildFile section */

/* Begin PBXFileReference section */
		1D30AB110D05D00D00671497 /* Foundation.framework */ = {isa = PBXFileReference; lastKnownFileType = wrapper.framework; name = Foundation.framework; path = System/Library/Frameworks/Foundation.framework; sourceTree = SDKROOT; };
		1D6058910D05DD3D006BFB54 /* ichurris.app */ = {isa = PBXFileReference; explicitFileType = wrapper.application; includeInIndex = 0; path = ichurris.app; sourceTree = BUILT_PRODUCTS_DIR; };
		1DF5F4DF0D08C38300B7A737 /* UIKit.framework */ = {isa = PBXFileReference; lastKnownFileType = wrapper.framework; name = UIKit.framework; path = System/Library/Frameworks/UIKit.framework; sourceTree = SDKROOT; };
		2892E40F0DC94CBA00A64D0F /* CoreGraphics.framework */ = {isa = PBXFileReference; lastKnownFileType = wrapper.framework; name = CoreGraphics.framework; path = System/Library/Frameworks/CoreGraphics.framework; sourceTree = SDKROOT; };
		28A0AAE50D9B0CCF005BE974 /* ichurris_Prefix.pch */ = {isa = PBXFileReference; fileEncoding = 4; lastKnownFileType = sourcecode.c.h; path = ichurris_Prefix.pch; sourceTree = "<group>"; };
		28AD735F0D9D9599002E5188 /* MainWindow.xib */ = {isa = PBXFileReference; lastKnownFileType = file.xib; path = MainWindow.xib; sourceTree = "<group>"; };
		29B97316FDCFA39411CA2CEA /* main.m */ = {isa = PBXFileReference; fileEncoding = 4; lastKnownFileType = sourcecode.c.objc; path = main.m; sourceTree = "<group>"; };
		8D1107310486CEB800E47090 /* ichurris-Info.plist */ = {isa = PBXFileReference; fileEncoding = 4; lastKnownFileType = text.plist.xml; path = "ichurris-Info.plist"; plistStructureDefinitionIdentifier = "com.apple.xcode.plist.structure-definition.iphone.info-plist"; sourceTree = "<group>"; };
		D4D2DC811306A3FD00F9A62A /* ASIAuthenticationDialog.h */ = {isa = PBXFileReference; fileEncoding = 4; lastKnownFileType = sourcecode.c.h; path = ASIAuthenticationDialog.h; sourceTree = "<group>"; };
		D4D2DC821306A3FD00F9A62A /* ASIAuthenticationDialog.m */ = {isa = PBXFileReference; fileEncoding = 4; lastKnownFileType = sourcecode.c.objc; path = ASIAuthenticationDialog.m; sourceTree = "<group>"; };
		D4D2DC831306A3FD00F9A62A /* ASICacheDelegate.h */ = {isa = PBXFileReference; fileEncoding = 4; lastKnownFileType = sourcecode.c.h; path = ASICacheDelegate.h; sourceTree = "<group>"; };
		D4D2DC841306A3FD00F9A62A /* ASIDataCompressor.h */ = {isa = PBXFileReference; fileEncoding = 4; lastKnownFileType = sourcecode.c.h; path = ASIDataCompressor.h; sourceTree = "<group>"; };
		D4D2DC851306A3FD00F9A62A /* ASIDataCompressor.m */ = {isa = PBXFileReference; fileEncoding = 4; lastKnownFileType = sourcecode.c.objc; path = ASIDataCompressor.m; sourceTree = "<group>"; };
		D4D2DC861306A3FD00F9A62A /* ASIDataDecompressor.h */ = {isa = PBXFileReference; fileEncoding = 4; lastKnownFileType = sourcecode.c.h; path = ASIDataDecompressor.h; sourceTree = "<group>"; };
		D4D2DC871306A3FD00F9A62A /* ASIDataDecompressor.m */ = {isa = PBXFileReference; fileEncoding = 4; lastKnownFileType = sourcecode.c.objc; path = ASIDataDecompressor.m; sourceTree = "<group>"; };
		D4D2DC881306A3FD00F9A62A /* ASIDownloadCache.h */ = {isa = PBXFileReference; fileEncoding = 4; lastKnownFileType = sourcecode.c.h; path = ASIDownloadCache.h; sourceTree = "<group>"; };
		D4D2DC891306A3FD00F9A62A /* ASIDownloadCache.m */ = {isa = PBXFileReference; fileEncoding = 4; lastKnownFileType = sourcecode.c.objc; path = ASIDownloadCache.m; sourceTree = "<group>"; };
		D4D2DC8A1306A3FD00F9A62A /* ASIFormDataRequest.h */ = {isa = PBXFileReference; fileEncoding = 4; lastKnownFileType = sourcecode.c.h; path = ASIFormDataRequest.h; sourceTree = "<group>"; };
		D4D2DC8B1306A3FD00F9A62A /* ASIFormDataRequest.m */ = {isa = PBXFileReference; fileEncoding = 4; lastKnownFileType = sourcecode.c.objc; path = ASIFormDataRequest.m; sourceTree = "<group>"; };
		D4D2DC8C1306A3FD00F9A62A /* ASIHTTPRequest.h */ = {isa = PBXFileReference; fileEncoding = 4; lastKnownFileType = sourcecode.c.h; path = ASIHTTPRequest.h; sourceTree = "<group>"; };
		D4D2DC8D1306A3FD00F9A62A /* ASIHTTPRequest.m */ = {isa = PBXFileReference; fileEncoding = 4; lastKnownFileType = sourcecode.c.objc; path = ASIHTTPRequest.m; sourceTree = "<group>"; };
		D4D2DC8E1306A3FD00F9A62A /* ASIHTTPRequestConfig.h */ = {isa = PBXFileReference; fileEncoding = 4; lastKnownFileType = sourcecode.c.h; path = ASIHTTPRequestConfig.h; sourceTree = "<group>"; };
		D4D2DC8F1306A3FD00F9A62A /* ASIHTTPRequestDelegate.h */ = {isa = PBXFileReference; fileEncoding = 4; lastKnownFileType = sourcecode.c.h; path = ASIHTTPRequestDelegate.h; sourceTree = "<group>"; };
		D4D2DC901306A3FD00F9A62A /* ASIInputStream.h */ = {isa = PBXFileReference; fileEncoding = 4; lastKnownFileType = sourcecode.c.h; path = ASIInputStream.h; sourceTree = "<group>"; };
		D4D2DC911306A3FD00F9A62A /* ASIInputStream.m */ = {isa = PBXFileReference; fileEncoding = 4; lastKnownFileType = sourcecode.c.objc; path = ASIInputStream.m; sourceTree = "<group>"; };
		D4D2DC921306A3FD00F9A62A /* ASINetworkQueue.h */ = {isa = PBXFileReference; fileEncoding = 4; lastKnownFileType = sourcecode.c.h; path = ASINetworkQueue.h; sourceTree = "<group>"; };
		D4D2DC931306A3FD00F9A62A /* ASINetworkQueue.m */ = {isa = PBXFileReference; fileEncoding = 4; lastKnownFileType = sourcecode.c.objc; path = ASINetworkQueue.m; sourceTree = "<group>"; };
		D4D2DC941306A3FD00F9A62A /* ASIProgressDelegate.h */ = {isa = PBXFileReference; fileEncoding = 4; lastKnownFileType = sourcecode.c.h; path = ASIProgressDelegate.h; sourceTree = "<group>"; };
		D4D2DC971306A3FD00F9A62A /* Reachability.h */ = {isa = PBXFileReference; fileEncoding = 4; lastKnownFileType = sourcecode.c.h; path = Reachability.h; sourceTree = "<group>"; };
		D4D2DC981306A3FD00F9A62A /* Reachability.m */ = {isa = PBXFileReference; fileEncoding = 4; lastKnownFileType = sourcecode.c.objc; path = Reachability.m; sourceTree = "<group>"; };
		D4D2DCA21306A41400F9A62A /* CFNetwork.framework */ = {isa = PBXFileReference; lastKnownFileType = wrapper.framework; name = CFNetwork.framework; path = System/Library/Frameworks/CFNetwork.framework; sourceTree = SDKROOT; };
		D4D2DCA61306A41C00F9A62A /* SystemConfiguration.framework */ = {isa = PBXFileReference; lastKnownFileType = wrapper.framework; name = SystemConfiguration.framework; path = System/Library/Frameworks/SystemConfiguration.framework; sourceTree = SDKROOT; };
		D4D2DCAA1306A42700F9A62A /* MobileCoreServices.framework */ = {isa = PBXFileReference; lastKnownFileType = wrapper.framework; name = MobileCoreServices.framework; path = System/Library/Frameworks/MobileCoreServices.framework; sourceTree = SDKROOT; };
		D4D2DCAE1306A46F00F9A62A /* libz.1.2.3.dylib */ = {isa = PBXFileReference; lastKnownFileType = "compiled.mach-o.dylib"; name = libz.1.2.3.dylib; path = usr/lib/libz.1.2.3.dylib; sourceTree = SDKROOT; };
		D4D2DCC11306A50D00F9A62A /* JSON.h */ = {isa = PBXFileReference; fileEncoding = 4; lastKnownFileType = sourcecode.c.h; path = JSON.h; sourceTree = "<group>"; };
		D4D2DCC21306A50D00F9A62A /* NSObject+JSON.h */ = {isa = PBXFileReference; fileEncoding = 4; lastKnownFileType = sourcecode.c.h; path = "NSObject+JSON.h"; sourceTree = "<group>"; };
		D4D2DCC31306A50D00F9A62A /* NSObject+JSON.m */ = {isa = PBXFileReference; fileEncoding = 4; lastKnownFileType = sourcecode.c.objc; path = "NSObject+JSON.m"; sourceTree = "<group>"; };
		D4D2DCC41306A50D00F9A62A /* SBJsonParser.h */ = {isa = PBXFileReference; fileEncoding = 4; lastKnownFileType = sourcecode.c.h; path = SBJsonParser.h; sourceTree = "<group>"; };
		D4D2DCC51306A50D00F9A62A /* SBJsonParser.m */ = {isa = PBXFileReference; fileEncoding = 4; lastKnownFileType = sourcecode.c.objc; path = SBJsonParser.m; sourceTree = "<group>"; };
		D4D2DCC61306A50D00F9A62A /* SBJsonStreamParser.h */ = {isa = PBXFileReference; fileEncoding = 4; lastKnownFileType = sourcecode.c.h; path = SBJsonStreamParser.h; sourceTree = "<group>"; };
		D4D2DCC71306A50D00F9A62A /* SBJsonStreamParser.m */ = {isa = PBXFileReference; fileEncoding = 4; lastKnownFileType = sourcecode.c.objc; path = SBJsonStreamParser.m; sourceTree = "<group>"; };
		D4D2DCC81306A50D00F9A62A /* SBJsonStreamParserAdapter.h */ = {isa = PBXFileReference; fileEncoding = 4; lastKnownFileType = sourcecode.c.h; path = SBJsonStreamParserAdapter.h; sourceTree = "<group>"; };
		D4D2DCC91306A50D00F9A62A /* SBJsonStreamParserAdapter.m */ = {isa = PBXFileReference; fileEncoding = 4; lastKnownFileType = sourcecode.c.objc; path = SBJsonStreamParserAdapter.m; sourceTree = "<group>"; };
		D4D2DCCA1306A50D00F9A62A /* SBJsonStreamParserState.h */ = {isa = PBXFileReference; fileEncoding = 4; lastKnownFileType = sourcecode.c.h; path = SBJsonStreamParserState.h; sourceTree = "<group>"; };
		D4D2DCCB1306A50D00F9A62A /* SBJsonStreamParserState.m */ = {isa = PBXFileReference; fileEncoding = 4; lastKnownFileType = sourcecode.c.objc; path = SBJsonStreamParserState.m; sourceTree = "<group>"; };
		D4D2DCCC1306A50D00F9A62A /* SBJsonStreamWriter.h */ = {isa = PBXFileReference; fileEncoding = 4; lastKnownFileType = sourcecode.c.h; path = SBJsonStreamWriter.h; sourceTree = "<group>"; };
		D4D2DCCD1306A50D00F9A62A /* SBJsonStreamWriter.m */ = {isa = PBXFileReference; fileEncoding = 4; lastKnownFileType = sourcecode.c.objc; path = SBJsonStreamWriter.m; sourceTree = "<group>"; };
		D4D2DCCE1306A50D00F9A62A /* SBJsonStreamWriterState.h */ = {isa = PBXFileReference; fileEncoding = 4; lastKnownFileType = sourcecode.c.h; path = SBJsonStreamWriterState.h; sourceTree = "<group>"; };
		D4D2DCCF1306A50D00F9A62A /* SBJsonStreamWriterState.m */ = {isa = PBXFileReference; fileEncoding = 4; lastKnownFileType = sourcecode.c.objc; path = SBJsonStreamWriterState.m; sourceTree = "<group>"; };
		D4D2DCD01306A50D00F9A62A /* SBJsonTokeniser.h */ = {isa = PBXFileReference; fileEncoding = 4; lastKnownFileType = sourcecode.c.h; path = SBJsonTokeniser.h; sourceTree = "<group>"; };
		D4D2DCD11306A50D00F9A62A /* SBJsonTokeniser.m */ = {isa = PBXFileReference; fileEncoding = 4; lastKnownFileType = sourcecode.c.objc; path = SBJsonTokeniser.m; sourceTree = "<group>"; };
		D4D2DCD21306A50D00F9A62A /* SBJsonWriter.h */ = {isa = PBXFileReference; fileEncoding = 4; lastKnownFileType = sourcecode.c.h; path = SBJsonWriter.h; sourceTree = "<group>"; };
		D4D2DCD31306A50D00F9A62A /* SBJsonWriter.m */ = {isa = PBXFileReference; fileEncoding = 4; lastKnownFileType = sourcecode.c.objc; path = SBJsonWriter.m; sourceTree = "<group>"; };
		D4D2DCDE1306A67200F9A62A /* ichurrisAppDelegate.h */ = {isa = PBXFileReference; fileEncoding = 4; lastKnownFileType = sourcecode.c.h; path = ichurrisAppDelegate.h; sourceTree = "<group>"; };
		D4D2DCDF1306A67200F9A62A /* ichurrisAppDelegate.m */ = {isa = PBXFileReference; fileEncoding = 4; lastKnownFileType = sourcecode.c.objc; path = ichurrisAppDelegate.m; sourceTree = "<group>"; };
		D4D2DCE51306A67A00F9A62A /* Defines.h */ = {isa = PBXFileReference; fileEncoding = 4; lastKnownFileType = sourcecode.c.h; path = Defines.h; sourceTree = "<group>"; };
		D4D2DCF21306A79D00F9A62A /* SexSelectorViewController.h */ = {isa = PBXFileReference; fileEncoding = 4; lastKnownFileType = sourcecode.c.h; path = SexSelectorViewController.h; sourceTree = "<group>"; };
		D4D2DCF31306A79D00F9A62A /* SexSelectorViewController.m */ = {isa = PBXFileReference; fileEncoding = 4; lastKnownFileType = sourcecode.c.objc; path = SexSelectorViewController.m; sourceTree = "<group>"; };
		D4D2DCF41306A79D00F9A62A /* SexSelectorViewController.xib */ = {isa = PBXFileReference; lastKnownFileType = file.xib; path = SexSelectorViewController.xib; sourceTree = "<group>"; };
		D4D2DD0F1306A9FE00F9A62A /* but_female.png */ = {isa = PBXFileReference; lastKnownFileType = image.png; path = but_female.png; sourceTree = "<group>"; };
		D4D2DD101306A9FE00F9A62A /* but_male.png */ = {isa = PBXFileReference; lastKnownFileType = image.png; path = but_male.png; sourceTree = "<group>"; };
		D4D2DD291306ABC500F9A62A /* AgeSelectorViewController.h */ = {isa = PBXFileReference; fileEncoding = 4; lastKnownFileType = sourcecode.c.h; path = AgeSelectorViewController.h; sourceTree = "<group>"; };
		D4D2DD2A1306ABC500F9A62A /* AgeSelectorViewController.m */ = {isa = PBXFileReference; fileEncoding = 4; lastKnownFileType = sourcecode.c.objc; path = AgeSelectorViewController.m; sourceTree = "<group>"; };
		D4D2DD2B1306ABC500F9A62A /* AgeSelectorViewController.xib */ = {isa = PBXFileReference; lastKnownFileType = file.xib; path = AgeSelectorViewController.xib; sourceTree = "<group>"; };
		D4D2DD661306B18A00F9A62A /* NationalitySelectorViewController.h */ = {isa = PBXFileReference; fileEncoding = 4; lastKnownFileType = sourcecode.c.h; path = NationalitySelectorViewController.h; sourceTree = "<group>"; };
		D4D2DD671306B18A00F9A62A /* NationalitySelectorViewController.m */ = {isa = PBXFileReference; fileEncoding = 4; lastKnownFileType = sourcecode.c.objc; path = NationalitySelectorViewController.m; sourceTree = "<group>"; };
		D4D2DD681306B18A00F9A62A /* NationalitySelectorViewController.xib */ = {isa = PBXFileReference; lastKnownFileType = file.xib; path = NationalitySelectorViewController.xib; sourceTree = "<group>"; };
		D4D2DD7B1306B31600F9A62A /* NSUserDefaultsManager.h */ = {isa = PBXFileReference; fileEncoding = 4; lastKnownFileType = sourcecode.c.h; path = NSUserDefaultsManager.h; sourceTree = "<group>"; };
		D4D2DD7C1306B31600F9A62A /* NSUserDefaultsManager.m */ = {isa = PBXFileReference; fileEncoding = 4; lastKnownFileType = sourcecode.c.objc; path = NSUserDefaultsManager.m; sourceTree = "<group>"; };
		D4D2DD821306B4FC00F9A62A /* MyAgeSelectorViewController.h */ = {isa = PBXFileReference; fileEncoding = 4; lastKnownFileType = sourcecode.c.h; path = MyAgeSelectorViewController.h; sourceTree = "<group>"; };
		D4D2DD831306B4FC00F9A62A /* MyAgeSelectorViewController.m */ = {isa = PBXFileReference; fileEncoding = 4; lastKnownFileType = sourcecode.c.objc; path = MyAgeSelectorViewController.m; sourceTree = "<group>"; };
		D4D2DD841306B4FC00F9A62A /* MyAgeSelectorViewController.xib */ = {isa = PBXFileReference; lastKnownFileType = file.xib; path = MyAgeSelectorViewController.xib; sourceTree = "<group>"; };
		D4D2DD941306B5B100F9A62A /* MySalaryViewController.h */ = {isa = PBXFileReference; fileEncoding = 4; lastKnownFileType = sourcecode.c.h; path = MySalaryViewController.h; sourceTree = "<group>"; };
		D4D2DD951306B5B100F9A62A /* MySalaryViewController.m */ = {isa = PBXFileReference; fileEncoding = 4; lastKnownFileType = sourcecode.c.objc; path = MySalaryViewController.m; sourceTree = "<group>"; };
		D4D2DD961306B5B100F9A62A /* MySalaryViewController.xib */ = {isa = PBXFileReference; lastKnownFileType = file.xib; path = MySalaryViewController.xib; sourceTree = "<group>"; };
		D4D2DE051306BC8000F9A62A /* MySexSelectorViewController.h */ = {isa = PBXFileReference; fileEncoding = 4; lastKnownFileType = sourcecode.c.h; path = MySexSelectorViewController.h; sourceTree = "<group>"; };
		D4D2DE061306BC8000F9A62A /* MySexSelectorViewController.m */ = {isa = PBXFileReference; fileEncoding = 4; lastKnownFileType = sourcecode.c.objc; path = MySexSelectorViewController.m; sourceTree = "<group>"; };
		D4D2DE071306BC8000F9A62A /* MySexSelectorViewController.xib */ = {isa = PBXFileReference; lastKnownFileType = file.xib; path = MySexSelectorViewController.xib; sourceTree = "<group>"; };
		D4D2DE471306C64700F9A62A /* black_vinyl_fs.jpg */ = {isa = PBXFileReference; lastKnownFileType = image.jpeg; path = black_vinyl_fs.jpg; sourceTree = "<group>"; };
		D4D2DEED1306C8FF00F9A62A /* libsqlite3.dylib */ = {isa = PBXFileReference; lastKnownFileType = "compiled.mach-o.dylib"; name = libsqlite3.dylib; path = usr/lib/libsqlite3.dylib; sourceTree = SDKROOT; };
		D4D2DEF51306C95700F9A62A /* FMDatabase.h */ = {isa = PBXFileReference; fileEncoding = 4; lastKnownFileType = sourcecode.c.h; path = FMDatabase.h; sourceTree = "<group>"; };
		D4D2DEF61306C95700F9A62A /* FMDatabase.m */ = {isa = PBXFileReference; fileEncoding = 4; lastKnownFileType = sourcecode.c.objc; path = FMDatabase.m; sourceTree = "<group>"; };
		D4D2DEF71306C95700F9A62A /* FMDatabaseAdditions.h */ = {isa = PBXFileReference; fileEncoding = 4; lastKnownFileType = sourcecode.c.h; path = FMDatabaseAdditions.h; sourceTree = "<group>"; };
		D4D2DEF81306C95700F9A62A /* FMDatabaseAdditions.m */ = {isa = PBXFileReference; fileEncoding = 4; lastKnownFileType = sourcecode.c.objc; path = FMDatabaseAdditions.m; sourceTree = "<group>"; };
		D4D2DEF91306C95700F9A62A /* FMResultSet.h */ = {isa = PBXFileReference; fileEncoding = 4; lastKnownFileType = sourcecode.c.h; path = FMResultSet.h; sourceTree = "<group>"; };
		D4D2DEFA1306C95700F9A62A /* FMResultSet.m */ = {isa = PBXFileReference; fileEncoding = 4; lastKnownFileType = sourcecode.c.objc; path = FMResultSet.m; sourceTree = "<group>"; };
		D4D2DF241306D1B900F9A62A /* TownViewController.h */ = {isa = PBXFileReference; fileEncoding = 4; lastKnownFileType = sourcecode.c.h; path = TownViewController.h; sourceTree = "<group>"; };
		D4D2DF251306D1B900F9A62A /* TownViewController.m */ = {isa = PBXFileReference; fileEncoding = 4; lastKnownFileType = sourcecode.c.objc; path = TownViewController.m; sourceTree = "<group>"; };
		D4D2DF261306D1B900F9A62A /* TownViewController.xib */ = {isa = PBXFileReference; lastKnownFileType = file.xib; path = TownViewController.xib; sourceTree = "<group>"; };
		D4D2DF371306D40F00F9A62A /* TownCell.h */ = {isa = PBXFileReference; fileEncoding = 4; lastKnownFileType = sourcecode.c.h; path = TownCell.h; sourceTree = "<group>"; };
		D4D2DF381306D40F00F9A62A /* TownCell.m */ = {isa = PBXFileReference; fileEncoding = 4; lastKnownFileType = sourcecode.c.objc; path = TownCell.m; sourceTree = "<group>"; };
		D4D2DF4C1306D54700F9A62A /* MVYImageView.h */ = {isa = PBXFileReference; fileEncoding = 4; lastKnownFileType = sourcecode.c.h; path = MVYImageView.h; sourceTree = "<group>"; };
		D4D2DF4D1306D54700F9A62A /* MVYImageView.m */ = {isa = PBXFileReference; fileEncoding = 4; lastKnownFileType = sourcecode.c.objc; path = MVYImageView.m; sourceTree = "<group>"; };
		D4D2DF4E1306D54700F9A62A /* UIImageExtras.h */ = {isa = PBXFileReference; fileEncoding = 4; lastKnownFileType = sourcecode.c.h; path = UIImageExtras.h; sourceTree = "<group>"; };
		D4D2DF4F1306D54700F9A62A /* UIImageExtras.m */ = {isa = PBXFileReference; fileEncoding = 4; lastKnownFileType = sourcecode.c.objc; path = UIImageExtras.m; sourceTree = "<group>"; };
		D4D2DF621306D74400F9A62A /* TownCell.xib */ = {isa = PBXFileReference; lastKnownFileType = file.xib; path = TownCell.xib; sourceTree = "<group>"; };
		D4D2DFCA1306DAA200F9A62A /* house.jpg */ = {isa = PBXFileReference; lastKnownFileType = image.jpeg; path = house.jpg; sourceTree = "<group>"; };
		D4D2E0421306E01B00F9A62A /* QuartzCore.framework */ = {isa = PBXFileReference; lastKnownFileType = wrapper.framework; name = QuartzCore.framework; path = System/Library/Frameworks/QuartzCore.framework; sourceTree = SDKROOT; };
/* End PBXFileReference section */

/* Begin PBXFrameworksBuildPhase section */
		1D60588F0D05DD3D006BFB54 /* Frameworks */ = {
			isa = PBXFrameworksBuildPhase;
			buildActionMask = 2147483647;
			files = (
				1D60589F0D05DD5A006BFB54 /* Foundation.framework in Frameworks */,
				1DF5F4E00D08C38300B7A737 /* UIKit.framework in Frameworks */,
				2892E4100DC94CBA00A64D0F /* CoreGraphics.framework in Frameworks */,
				D4D2DCA31306A41400F9A62A /* CFNetwork.framework in Frameworks */,
				D4D2DCA71306A41C00F9A62A /* SystemConfiguration.framework in Frameworks */,
				D4D2DCAB1306A42700F9A62A /* MobileCoreServices.framework in Frameworks */,
				D4D2DCAF1306A46F00F9A62A /* libz.1.2.3.dylib in Frameworks */,
				D4D2DEEE1306C8FF00F9A62A /* libsqlite3.dylib in Frameworks */,
				D4D2E0431306E01B00F9A62A /* QuartzCore.framework in Frameworks */,
			);
			runOnlyForDeploymentPostprocessing = 0;
		};
/* End PBXFrameworksBuildPhase section */

/* Begin PBXGroup section */
		080E96DDFE201D6D7F000001 /* Classes */ = {
			isa = PBXGroup;
			children = (
				D4D2DCDD1306A67200F9A62A /* App */,
				D4D2DCE01306A67200F9A62A /* ViewControllers */,
			);
			path = Classes;
			sourceTree = "<group>";
		};
		19C28FACFE9D520D11CA2CBB /* Products */ = {
			isa = PBXGroup;
			children = (
				1D6058910D05DD3D006BFB54 /* ichurris.app */,
			);
			name = Products;
			sourceTree = "<group>";
		};
		29B97314FDCFA39411CA2CEA /* CustomTemplate */ = {
			isa = PBXGroup;
			children = (
				D4D2DC7F1306A3FD00F9A62A /* lib */,
				080E96DDFE201D6D7F000001 /* Classes */,
				29B97315FDCFA39411CA2CEA /* Other Sources */,
				29B97317FDCFA39411CA2CEA /* Resources */,
				29B97323FDCFA39411CA2CEA /* Frameworks */,
				19C28FACFE9D520D11CA2CBB /* Products */,
			);
			name = CustomTemplate;
			sourceTree = "<group>";
		};
		29B97315FDCFA39411CA2CEA /* Other Sources */ = {
			isa = PBXGroup;
			children = (
				28A0AAE50D9B0CCF005BE974 /* ichurris_Prefix.pch */,
				29B97316FDCFA39411CA2CEA /* main.m */,
			);
			name = "Other Sources";
			sourceTree = "<group>";
		};
		29B97317FDCFA39411CA2CEA /* Resources */ = {
			isa = PBXGroup;
			children = (
				D4D2DD0D1306A9EA00F9A62A /* img */,
				28AD735F0D9D9599002E5188 /* MainWindow.xib */,
				8D1107310486CEB800E47090 /* ichurris-Info.plist */,
			);
			name = Resources;
			sourceTree = "<group>";
		};
		29B97323FDCFA39411CA2CEA /* Frameworks */ = {
			isa = PBXGroup;
			children = (
				1DF5F4DF0D08C38300B7A737 /* UIKit.framework */,
				1D30AB110D05D00D00671497 /* Foundation.framework */,
				2892E40F0DC94CBA00A64D0F /* CoreGraphics.framework */,
				D4D2DCA21306A41400F9A62A /* CFNetwork.framework */,
				D4D2DCA61306A41C00F9A62A /* SystemConfiguration.framework */,
				D4D2DCAA1306A42700F9A62A /* MobileCoreServices.framework */,
				D4D2DCAE1306A46F00F9A62A /* libz.1.2.3.dylib */,
				D4D2DEED1306C8FF00F9A62A /* libsqlite3.dylib */,
				D4D2E0421306E01B00F9A62A /* QuartzCore.framework */,
			);
			name = Frameworks;
			sourceTree = "<group>";
		};
		D4D2DC7F1306A3FD00F9A62A /* lib */ = {
			isa = PBXGroup;
			children = (
				D4D2DC801306A3FD00F9A62A /* ASIHTTPRequest */,
				D4D2DEF41306C95700F9A62A /* FMDatabase */,
				D4D2DF4B1306D54700F9A62A /* MVYImageView */,
				D4D2DD7A1306B31600F9A62A /* NSUserDefaultsManager */,
				D4D2DCC01306A50D00F9A62A /* SBJSON */,
			);
			path = lib;
			sourceTree = "<group>";
		};
		D4D2DC801306A3FD00F9A62A /* ASIHTTPRequest */ = {
			isa = PBXGroup;
			children = (
				D4D2DC811306A3FD00F9A62A /* ASIAuthenticationDialog.h */,
				D4D2DC821306A3FD00F9A62A /* ASIAuthenticationDialog.m */,
				D4D2DC831306A3FD00F9A62A /* ASICacheDelegate.h */,
				D4D2DC841306A3FD00F9A62A /* ASIDataCompressor.h */,
				D4D2DC851306A3FD00F9A62A /* ASIDataCompressor.m */,
				D4D2DC861306A3FD00F9A62A /* ASIDataDecompressor.h */,
				D4D2DC871306A3FD00F9A62A /* ASIDataDecompressor.m */,
				D4D2DC881306A3FD00F9A62A /* ASIDownloadCache.h */,
				D4D2DC891306A3FD00F9A62A /* ASIDownloadCache.m */,
				D4D2DC8A1306A3FD00F9A62A /* ASIFormDataRequest.h */,
				D4D2DC8B1306A3FD00F9A62A /* ASIFormDataRequest.m */,
				D4D2DC8C1306A3FD00F9A62A /* ASIHTTPRequest.h */,
				D4D2DC8D1306A3FD00F9A62A /* ASIHTTPRequest.m */,
				D4D2DC8E1306A3FD00F9A62A /* ASIHTTPRequestConfig.h */,
				D4D2DC8F1306A3FD00F9A62A /* ASIHTTPRequestDelegate.h */,
				D4D2DC901306A3FD00F9A62A /* ASIInputStream.h */,
				D4D2DC911306A3FD00F9A62A /* ASIInputStream.m */,
				D4D2DC921306A3FD00F9A62A /* ASINetworkQueue.h */,
				D4D2DC931306A3FD00F9A62A /* ASINetworkQueue.m */,
				D4D2DC941306A3FD00F9A62A /* ASIProgressDelegate.h */,
				D4D2DC951306A3FD00F9A62A /* External */,
			);
			path = ASIHTTPRequest;
			sourceTree = "<group>";
		};
		D4D2DC951306A3FD00F9A62A /* External */ = {
			isa = PBXGroup;
			children = (
				D4D2DC961306A3FD00F9A62A /* Reachability */,
			);
			path = External;
			sourceTree = "<group>";
		};
		D4D2DC961306A3FD00F9A62A /* Reachability */ = {
			isa = PBXGroup;
			children = (
				D4D2DC971306A3FD00F9A62A /* Reachability.h */,
				D4D2DC981306A3FD00F9A62A /* Reachability.m */,
			);
			path = Reachability;
			sourceTree = "<group>";
		};
		D4D2DCC01306A50D00F9A62A /* SBJSON */ = {
			isa = PBXGroup;
			children = (
				D4D2DCC11306A50D00F9A62A /* JSON.h */,
				D4D2DCC21306A50D00F9A62A /* NSObject+JSON.h */,
				D4D2DCC31306A50D00F9A62A /* NSObject+JSON.m */,
				D4D2DCC41306A50D00F9A62A /* SBJsonParser.h */,
				D4D2DCC51306A50D00F9A62A /* SBJsonParser.m */,
				D4D2DCC61306A50D00F9A62A /* SBJsonStreamParser.h */,
				D4D2DCC71306A50D00F9A62A /* SBJsonStreamParser.m */,
				D4D2DCC81306A50D00F9A62A /* SBJsonStreamParserAdapter.h */,
				D4D2DCC91306A50D00F9A62A /* SBJsonStreamParserAdapter.m */,
				D4D2DCCA1306A50D00F9A62A /* SBJsonStreamParserState.h */,
				D4D2DCCB1306A50D00F9A62A /* SBJsonStreamParserState.m */,
				D4D2DCCC1306A50D00F9A62A /* SBJsonStreamWriter.h */,
				D4D2DCCD1306A50D00F9A62A /* SBJsonStreamWriter.m */,
				D4D2DCCE1306A50D00F9A62A /* SBJsonStreamWriterState.h */,
				D4D2DCCF1306A50D00F9A62A /* SBJsonStreamWriterState.m */,
				D4D2DCD01306A50D00F9A62A /* SBJsonTokeniser.h */,
				D4D2DCD11306A50D00F9A62A /* SBJsonTokeniser.m */,
				D4D2DCD21306A50D00F9A62A /* SBJsonWriter.h */,
				D4D2DCD31306A50D00F9A62A /* SBJsonWriter.m */,
			);
			path = SBJSON;
			sourceTree = "<group>";
		};
		D4D2DCDD1306A67200F9A62A /* App */ = {
			isa = PBXGroup;
			children = (
				D4D2DCDE1306A67200F9A62A /* ichurrisAppDelegate.h */,
				D4D2DCDF1306A67200F9A62A /* ichurrisAppDelegate.m */,
				D4D2DCE51306A67A00F9A62A /* Defines.h */,
			);
			path = App;
			sourceTree = "<group>";
		};
		D4D2DCE01306A67200F9A62A /* ViewControllers */ = {
			isa = PBXGroup;
			children = (
				D4D2DCF21306A79D00F9A62A /* SexSelectorViewController.h */,
				D4D2DCF31306A79D00F9A62A /* SexSelectorViewController.m */,
				D4D2DCF41306A79D00F9A62A /* SexSelectorViewController.xib */,
				D4D2DD291306ABC500F9A62A /* AgeSelectorViewController.h */,
				D4D2DD2A1306ABC500F9A62A /* AgeSelectorViewController.m */,
				D4D2DD2B1306ABC500F9A62A /* AgeSelectorViewController.xib */,
				D4D2DD661306B18A00F9A62A /* NationalitySelectorViewController.h */,
				D4D2DD671306B18A00F9A62A /* NationalitySelectorViewController.m */,
				D4D2DD681306B18A00F9A62A /* NationalitySelectorViewController.xib */,
				D4D2DE051306BC8000F9A62A /* MySexSelectorViewController.h */,
				D4D2DE061306BC8000F9A62A /* MySexSelectorViewController.m */,
				D4D2DE071306BC8000F9A62A /* MySexSelectorViewController.xib */,
				D4D2DD821306B4FC00F9A62A /* MyAgeSelectorViewController.h */,
				D4D2DD831306B4FC00F9A62A /* MyAgeSelectorViewController.m */,
				D4D2DD841306B4FC00F9A62A /* MyAgeSelectorViewController.xib */,
				D4D2DD941306B5B100F9A62A /* MySalaryViewController.h */,
				D4D2DD951306B5B100F9A62A /* MySalaryViewController.m */,
				D4D2DD961306B5B100F9A62A /* MySalaryViewController.xib */,
				D4D2DF241306D1B900F9A62A /* TownViewController.h */,
				D4D2DF251306D1B900F9A62A /* TownViewController.m */,
				D4D2DF261306D1B900F9A62A /* TownViewController.xib */,
				D4D2DF371306D40F00F9A62A /* TownCell.h */,
				D4D2DF381306D40F00F9A62A /* TownCell.m */,
				D4D2DF621306D74400F9A62A /* TownCell.xib */,
			);
			path = ViewControllers;
			sourceTree = "<group>";
		};
		D4D2DD0D1306A9EA00F9A62A /* img */ = {
			isa = PBXGroup;
			children = (
				D4D2DE461306C63300F9A62A /* Common */,
				D4D2DD0E1306A9EA00F9A62A /* SexSelector */,
				D4D2DFC91306DAA200F9A62A /* Towns */,
			);
			path = img;
			sourceTree = "<group>";
		};
		D4D2DD0E1306A9EA00F9A62A /* SexSelector */ = {
			isa = PBXGroup;
			children = (
				D4D2DD0F1306A9FE00F9A62A /* but_female.png */,
				D4D2DD101306A9FE00F9A62A /* but_male.png */,
			);
			path = SexSelector;
			sourceTree = "<group>";
		};
		D4D2DD7A1306B31600F9A62A /* NSUserDefaultsManager */ = {
			isa = PBXGroup;
			children = (
				D4D2DD7B1306B31600F9A62A /* NSUserDefaultsManager.h */,
				D4D2DD7C1306B31600F9A62A /* NSUserDefaultsManager.m */,
			);
			path = NSUserDefaultsManager;
			sourceTree = "<group>";
		};
		D4D2DE461306C63300F9A62A /* Common */ = {
			isa = PBXGroup;
			children = (
				D4D2DE471306C64700F9A62A /* black_vinyl_fs.jpg */,
			);
			path = Common;
			sourceTree = "<group>";
		};
		D4D2DEF41306C95700F9A62A /* FMDatabase */ = {
			isa = PBXGroup;
			children = (
				D4D2DEF51306C95700F9A62A /* FMDatabase.h */,
				D4D2DEF61306C95700F9A62A /* FMDatabase.m */,
				D4D2DEF71306C95700F9A62A /* FMDatabaseAdditions.h */,
				D4D2DEF81306C95700F9A62A /* FMDatabaseAdditions.m */,
				D4D2DEF91306C95700F9A62A /* FMResultSet.h */,
				D4D2DEFA1306C95700F9A62A /* FMResultSet.m */,
			);
			path = FMDatabase;
			sourceTree = "<group>";
		};
		D4D2DF4B1306D54700F9A62A /* MVYImageView */ = {
			isa = PBXGroup;
			children = (
				D4D2DF4C1306D54700F9A62A /* MVYImageView.h */,
				D4D2DF4D1306D54700F9A62A /* MVYImageView.m */,
				D4D2DF4E1306D54700F9A62A /* UIImageExtras.h */,
				D4D2DF4F1306D54700F9A62A /* UIImageExtras.m */,
			);
			path = MVYImageView;
			sourceTree = "<group>";
		};
		D4D2DFC91306DAA200F9A62A /* Towns */ = {
			isa = PBXGroup;
			children = (
				D4D2DFCA1306DAA200F9A62A /* house.jpg */,
			);
			path = Towns;
			sourceTree = "<group>";
		};
/* End PBXGroup section */

/* Begin PBXNativeTarget section */
		1D6058900D05DD3D006BFB54 /* ichurris */ = {
			isa = PBXNativeTarget;
			buildConfigurationList = 1D6058960D05DD3E006BFB54 /* Build configuration list for PBXNativeTarget "ichurris" */;
			buildPhases = (
				1D60588D0D05DD3D006BFB54 /* Resources */,
				1D60588E0D05DD3D006BFB54 /* Sources */,
				1D60588F0D05DD3D006BFB54 /* Frameworks */,
			);
			buildRules = (
			);
			dependencies = (
			);
			name = ichurris;
			productName = ichurris;
			productReference = 1D6058910D05DD3D006BFB54 /* ichurris.app */;
			productType = "com.apple.product-type.application";
		};
/* End PBXNativeTarget section */

/* Begin PBXProject section */
		29B97313FDCFA39411CA2CEA /* Project object */ = {
			isa = PBXProject;
			buildConfigurationList = C01FCF4E08A954540054247B /* Build configuration list for PBXProject "ichurris" */;
			compatibilityVersion = "Xcode 3.1";
			developmentRegion = English;
			hasScannedForEncodings = 1;
			knownRegions = (
				English,
				Japanese,
				French,
				German,
				en,
			);
			mainGroup = 29B97314FDCFA39411CA2CEA /* CustomTemplate */;
			projectDirPath = "";
			projectRoot = "";
			targets = (
				1D6058900D05DD3D006BFB54 /* ichurris */,
			);
		};
/* End PBXProject section */

/* Begin PBXResourcesBuildPhase section */
		1D60588D0D05DD3D006BFB54 /* Resources */ = {
			isa = PBXResourcesBuildPhase;
			buildActionMask = 2147483647;
			files = (
				28AD73600D9D9599002E5188 /* MainWindow.xib in Resources */,
				D4D2DCF61306A79D00F9A62A /* SexSelectorViewController.xib in Resources */,
				D4D2DD111306A9FE00F9A62A /* but_female.png in Resources */,
				D4D2DD121306A9FE00F9A62A /* but_male.png in Resources */,
				D4D2DD2D1306ABC500F9A62A /* AgeSelectorViewController.xib in Resources */,
				D4D2DD6A1306B18A00F9A62A /* NationalitySelectorViewController.xib in Resources */,
				D4D2DD861306B4FC00F9A62A /* MyAgeSelectorViewController.xib in Resources */,
				D4D2DD981306B5B100F9A62A /* MySalaryViewController.xib in Resources */,
				D4D2DE091306BC8000F9A62A /* MySexSelectorViewController.xib in Resources */,
				D4D2DE481306C64700F9A62A /* black_vinyl_fs.jpg in Resources */,
				D4D2DF281306D1B900F9A62A /* TownViewController.xib in Resources */,
				D4D2DF631306D74400F9A62A /* TownCell.xib in Resources */,
				D4D2DFCB1306DAA200F9A62A /* house.jpg in Resources */,
			);
			runOnlyForDeploymentPostprocessing = 0;
		};
/* End PBXResourcesBuildPhase section */

/* Begin PBXSourcesBuildPhase section */
		1D60588E0D05DD3D006BFB54 /* Sources */ = {
			isa = PBXSourcesBuildPhase;
			buildActionMask = 2147483647;
			files = (
				1D60589B0D05DD56006BFB54 /* main.m in Sources */,
				D4D2DC991306A3FD00F9A62A /* ASIAuthenticationDialog.m in Sources */,
				D4D2DC9A1306A3FD00F9A62A /* ASIDataCompressor.m in Sources */,
				D4D2DC9B1306A3FD00F9A62A /* ASIDataDecompressor.m in Sources */,
				D4D2DC9C1306A3FD00F9A62A /* ASIDownloadCache.m in Sources */,
				D4D2DC9D1306A3FD00F9A62A /* ASIFormDataRequest.m in Sources */,
				D4D2DC9E1306A3FD00F9A62A /* ASIHTTPRequest.m in Sources */,
				D4D2DC9F1306A3FD00F9A62A /* ASIInputStream.m in Sources */,
				D4D2DCA01306A3FD00F9A62A /* ASINetworkQueue.m in Sources */,
				D4D2DCA11306A3FD00F9A62A /* Reachability.m in Sources */,
				D4D2DCD41306A50D00F9A62A /* NSObject+JSON.m in Sources */,
				D4D2DCD51306A50D00F9A62A /* SBJsonParser.m in Sources */,
				D4D2DCD61306A50D00F9A62A /* SBJsonStreamParser.m in Sources */,
				D4D2DCD71306A50D00F9A62A /* SBJsonStreamParserAdapter.m in Sources */,
				D4D2DCD81306A50D00F9A62A /* SBJsonStreamParserState.m in Sources */,
				D4D2DCD91306A50D00F9A62A /* SBJsonStreamWriter.m in Sources */,
				D4D2DCDA1306A50D00F9A62A /* SBJsonStreamWriterState.m in Sources */,
				D4D2DCDB1306A50D00F9A62A /* SBJsonTokeniser.m in Sources */,
				D4D2DCDC1306A50D00F9A62A /* SBJsonWriter.m in Sources */,
				D4D2DCE31306A67200F9A62A /* ichurrisAppDelegate.m in Sources */,
				D4D2DCF51306A79D00F9A62A /* SexSelectorViewController.m in Sources */,
				D4D2DD2C1306ABC500F9A62A /* AgeSelectorViewController.m in Sources */,
				D4D2DD691306B18A00F9A62A /* NationalitySelectorViewController.m in Sources */,
				D4D2DD7D1306B31600F9A62A /* NSUserDefaultsManager.m in Sources */,
				D4D2DD851306B4FC00F9A62A /* MyAgeSelectorViewController.m in Sources */,
				D4D2DD971306B5B100F9A62A /* MySalaryViewController.m in Sources */,
				D4D2DE081306BC8000F9A62A /* MySexSelectorViewController.m in Sources */,
				D4D2DEFB1306C95700F9A62A /* FMDatabase.m in Sources */,
				D4D2DEFC1306C95700F9A62A /* FMDatabaseAdditions.m in Sources */,
				D4D2DEFD1306C95700F9A62A /* FMResultSet.m in Sources */,
				D4D2DF271306D1B900F9A62A /* TownViewController.m in Sources */,
				D4D2DF391306D40F00F9A62A /* TownCell.m in Sources */,
				D4D2DF501306D54700F9A62A /* MVYImageView.m in Sources */,
				D4D2DF511306D54700F9A62A /* UIImageExtras.m in Sources */,
			);
			runOnlyForDeploymentPostprocessing = 0;
		};
/* End PBXSourcesBuildPhase section */

/* Begin XCBuildConfiguration section */
		1D6058940D05DD3E006BFB54 /* Debug */ = {
			isa = XCBuildConfiguration;
			buildSettings = {
				ALWAYS_SEARCH_USER_PATHS = NO;
				COPY_PHASE_STRIP = NO;
				GCC_DYNAMIC_NO_PIC = NO;
				GCC_OPTIMIZATION_LEVEL = 0;
				GCC_PRECOMPILE_PREFIX_HEADER = YES;
				GCC_PREFIX_HEADER = ichurris_Prefix.pch;
				INFOPLIST_FILE = "ichurris-Info.plist";
				PRODUCT_NAME = ichurris;
			};
			name = Debug;
		};
		1D6058950D05DD3E006BFB54 /* Release */ = {
			isa = XCBuildConfiguration;
			buildSettings = {
				ALWAYS_SEARCH_USER_PATHS = NO;
				COPY_PHASE_STRIP = YES;
				GCC_PRECOMPILE_PREFIX_HEADER = YES;
				GCC_PREFIX_HEADER = ichurris_Prefix.pch;
				INFOPLIST_FILE = "ichurris-Info.plist";
				PRODUCT_NAME = ichurris;
				VALIDATE_PRODUCT = YES;
			};
			name = Release;
		};
		C01FCF4F08A954540054247B /* Debug */ = {
			isa = XCBuildConfiguration;
			buildSettings = {
				ARCHS = "$(ARCHS_STANDARD_32_BIT)";
				"CODE_SIGN_IDENTITY[sdk=iphoneos*]" = "iPhone Developer";
				GCC_C_LANGUAGE_STANDARD = c99;
				GCC_WARN_ABOUT_RETURN_TYPE = YES;
				GCC_WARN_UNUSED_VARIABLE = YES;
				OTHER_CFLAGS = "-DDEBUG=1";
				PREBINDING = NO;
				SDKROOT = iphoneos;
			};
			name = Debug;
		};
		C01FCF5008A954540054247B /* Release */ = {
			isa = XCBuildConfiguration;
			buildSettings = {
				ARCHS = "$(ARCHS_STANDARD_32_BIT)";
				"CODE_SIGN_IDENTITY[sdk=iphoneos*]" = "iPhone Developer";
				GCC_C_LANGUAGE_STANDARD = c99;
				GCC_WARN_ABOUT_RETURN_TYPE = YES;
				GCC_WARN_UNUSED_VARIABLE = YES;
				OTHER_CFLAGS = "-DNS_BLOCK_ASSERTIONS=1";
				PREBINDING = NO;
				SDKROOT = iphoneos;
			};
			name = Release;
		};
/* End XCBuildConfiguration section */

/* Begin XCConfigurationList section */
		1D6058960D05DD3E006BFB54 /* Build configuration list for PBXNativeTarget "ichurris" */ = {
			isa = XCConfigurationList;
			buildConfigurations = (
				1D6058940D05DD3E006BFB54 /* Debug */,
				1D6058950D05DD3E006BFB54 /* Release */,
			);
			defaultConfigurationIsVisible = 0;
			defaultConfigurationName = Release;
		};
		C01FCF4E08A954540054247B /* Build configuration list for PBXProject "ichurris" */ = {
			isa = XCConfigurationList;
			buildConfigurations = (
				C01FCF4F08A954540054247B /* Debug */,
				C01FCF5008A954540054247B /* Release */,
			);
			defaultConfigurationIsVisible = 0;
			defaultConfigurationName = Release;
		};
/* End XCConfigurationList section */
	};
	rootObject = 29B97313FDCFA39411CA2CEA /* Project object */;
}
